
Microsoft Visual Studio Solution File, Format Version 12.00
# Visual Studio 2013
VisualStudioVersion = 12.0.21005.1
MinimumVisualStudioVersion = 10.0.40219.1
Project("{8BC9CEB8-8B4A-11D0-8D11-00A0C91BC942}") = "第四題挑戰題", "第四題挑戰題\第四題挑戰題.vcxproj", "{8370F580-5F4F-4F58-9F5C-42F524B187EA}"
EndProject
Global
	GlobalSection(SolutionConfigurationPlatforms) = preSolution
		Debug|Win32 = Debug|Win32
		Release|Win32 = Release|Win32
	EndGlobalSection
	GlobalSection(ProjectConfigurationPlatforms) = postSolution
		{8370F580-5F4F-4F58-9F5C-42F524B187EA}.Debug|Win32.ActiveCfg = Debug|Win32
		{8370F580-5F4F-4F58-9F5C-42F524B187EA}.Debug|Win32.Build.0 = Debug|Win32
		{8370F580-5F4F-4F58-9F5C-42F524B187EA}.Release|Win32.ActiveCfg = Release|Win32
		{8370F580-5F4F-4F58-9F5C-42F524B187EA}.Release|Win32.Build.0 = Release|Win32
	EndGlobalSection
	GlobalSection(SolutionProperties) = preSolution
		HideSolutionNode = FALSE
	EndGlobalSection
EndGlobal
