
Microsoft Visual Studio Solution File, Format Version 12.00
# Visual Studio 2013
VisualStudioVersion = 12.0.31101.0
MinimumVisualStudioVersion = 10.0.40219.1
Project("{8BC9CEB8-8B4A-11D0-8D11-00A0C91BC942}") = "第二題", "第二題\第二題.vcxproj", "{BAEC9431-60BC-41B6-A2D9-06855013E0B0}"
EndProject
Global
	GlobalSection(SolutionConfigurationPlatforms) = preSolution
		Debug|Win32 = Debug|Win32
		Release|Win32 = Release|Win32
	EndGlobalSection
	GlobalSection(ProjectConfigurationPlatforms) = postSolution
		{BAEC9431-60BC-41B6-A2D9-06855013E0B0}.Debug|Win32.ActiveCfg = Debug|Win32
		{BAEC9431-60BC-41B6-A2D9-06855013E0B0}.Debug|Win32.Build.0 = Debug|Win32
		{BAEC9431-60BC-41B6-A2D9-06855013E0B0}.Release|Win32.ActiveCfg = Release|Win32
		{BAEC9431-60BC-41B6-A2D9-06855013E0B0}.Release|Win32.Build.0 = Release|Win32
	EndGlobalSection
	GlobalSection(SolutionProperties) = preSolution
		HideSolutionNode = FALSE
	EndGlobalSection
EndGlobal
